
Microsoft Visual Studio Solution File, Format Version 12.00
# Visual Studio Version 16
VisualStudioVersion = 16.0.31025.194
MinimumVisualStudioVersion = 10.0.40219.1
Project("{FAE04EC0-301F-11D3-BF4B-00C04F79EFBC}") = "MovieCollection", "MovieCollection.csproj", "{EBA62F64-FC44-4B49-A211-225B6D746DE9}"
EndProject
Global
	GlobalSection(SolutionConfigurationPlatforms) = preSolution
		Debug|Any CPU = Debug|Any CPU
		Release|Any CPU = Release|Any CPU
	EndGlobalSection
	GlobalSection(ProjectConfigurationPlatforms) = postSolution
		{EBA62F64-FC44-4B49-A211-225B6D746DE9}.Debug|Any CPU.ActiveCfg = Debug|Any CPU
		{EBA62F64-FC44-4B49-A211-225B6D746DE9}.Debug|Any CPU.Build.0 = Debug|Any CPU
		{EBA62F64-FC44-4B49-A211-225B6D746DE9}.Release|Any CPU.ActiveCfg = Release|Any CPU
		{EBA62F64-FC44-4B49-A211-225B6D746DE9}.Release|Any CPU.Build.0 = Release|Any CPU
	EndGlobalSection
	GlobalSection(SolutionProperties) = preSolution
		HideSolutionNode = FALSE
	EndGlobalSection
	GlobalSection(ExtensibilityGlobals) = postSolution
		SolutionGuid = {7DF5F078-BF34-4B5C-AB21-C3006DF65D57}
	EndGlobalSection
EndGlobal
